# This file is autogenerated, do not edit; changes may be undone by the next 'dep ensure'.


[[projects]]
  name = "github.com/domino14/macondo"
  packages = [
    "gaddag",
    "lexicon"
  ]
  revision = "cf6416ad1d46634913cf52ae444f3cd41573eb08"
  version = "v0.0.10"

[[projects]]
  name = "github.com/mattn/go-sqlite3"
  packages = ["."]
  revision = "6c771bb9887719704b210e87e934f08be014bdb1"
  version = "v1.6.0"

[solve-meta]
  analyzer-name = "dep"
  analyzer-version = 1
  inputs-digest = "e46c90526554e36611a0890daeafa09626a50baf99ea78575e1001e9036d0a42"
  solver-name = "gps-cdcl"
  solver-version = 1
